
Microsoft Visual Studio Solution File, Format Version 12.00
# Visual Studio Version 17
VisualStudioVersion = 17.1.32421.90
MinimumVisualStudioVersion = 10.0.40219.1
Project("{FAE04EC0-301F-11D3-BF4B-00C04F79EFBC}") = "tarea6puntoNet", "tarea6puntoNet\tarea6puntoNet.csproj", "{CBC9F2D7-B5D6-4E66-93CB-7B91EA9564A6}"
EndProject
Global
	GlobalSection(SolutionConfigurationPlatforms) = preSolution
		Debug|Any CPU = Debug|Any CPU
		Release|Any CPU = Release|Any CPU
	EndGlobalSection
	GlobalSection(ProjectConfigurationPlatforms) = postSolution
		{CBC9F2D7-B5D6-4E66-93CB-7B91EA9564A6}.Debug|Any CPU.ActiveCfg = Debug|Any CPU
		{CBC9F2D7-B5D6-4E66-93CB-7B91EA9564A6}.Debug|Any CPU.Build.0 = Debug|Any CPU
		{CBC9F2D7-B5D6-4E66-93CB-7B91EA9564A6}.Release|Any CPU.ActiveCfg = Release|Any CPU
		{CBC9F2D7-B5D6-4E66-93CB-7B91EA9564A6}.Release|Any CPU.Build.0 = Release|Any CPU
	EndGlobalSection
	GlobalSection(SolutionProperties) = preSolution
		HideSolutionNode = FALSE
	EndGlobalSection
	GlobalSection(ExtensibilityGlobals) = postSolution
		SolutionGuid = {B7841EDD-2DC4-4F8E-AB72-1ED2374127AA}
	EndGlobalSection
EndGlobal
